
Microsoft Visual Studio Solution File, Format Version 12.00
# Visual Studio Version 17
VisualStudioVersion = 17.0.32126.317
MinimumVisualStudioVersion = 10.0.40219.1
Project("{FAE04EC0-301F-11D3-BF4B-00C04F79EFBC}") = "Alfred", "Alfred.csproj", "{DD55127B-22B8-45D2-B35D-94ECE5B46C78}"
EndProject
Global
	GlobalSection(SolutionConfigurationPlatforms) = preSolution
		Debug|Any CPU = Debug|Any CPU
		Release|Any CPU = Release|Any CPU
	EndGlobalSection
	GlobalSection(ProjectConfigurationPlatforms) = postSolution
		{DD55127B-22B8-45D2-B35D-94ECE5B46C78}.Debug|Any CPU.ActiveCfg = Debug|Any CPU
		{DD55127B-22B8-45D2-B35D-94ECE5B46C78}.Debug|Any CPU.Build.0 = Debug|Any CPU
		{DD55127B-22B8-45D2-B35D-94ECE5B46C78}.Release|Any CPU.ActiveCfg = Release|Any CPU
		{DD55127B-22B8-45D2-B35D-94ECE5B46C78}.Release|Any CPU.Build.0 = Release|Any CPU
	EndGlobalSection
	GlobalSection(SolutionProperties) = preSolution
		HideSolutionNode = FALSE
	EndGlobalSection
	GlobalSection(ExtensibilityGlobals) = postSolution
		SolutionGuid = {C6B5D2C5-3545-485B-B366-E97A9DBA84A1}
	EndGlobalSection
EndGlobal
